
Microsoft Visual Studio Solution File, Format Version 12.00
# Visual Studio Version 16
VisualStudioVersion = 16.0.33529.622
MinimumVisualStudioVersion = 10.0.40219.1
Project("{FAE04EC0-301F-11D3-BF4B-00C04F79EFBC}") = "Calibrador_GCM5000", "Calibrador_GCM5000.csproj", "{2B467B82-E99A-4B3E-BB96-3D9ACFD0D584}"
EndProject
Global
	GlobalSection(SolutionConfigurationPlatforms) = preSolution
		Debug|Any CPU = Debug|Any CPU
		Release|Any CPU = Release|Any CPU
	EndGlobalSection
	GlobalSection(ProjectConfigurationPlatforms) = postSolution
		{2B467B82-E99A-4B3E-BB96-3D9ACFD0D584}.Debug|Any CPU.ActiveCfg = Debug|Any CPU
		{2B467B82-E99A-4B3E-BB96-3D9ACFD0D584}.Debug|Any CPU.Build.0 = Debug|Any CPU
		{2B467B82-E99A-4B3E-BB96-3D9ACFD0D584}.Release|Any CPU.ActiveCfg = Release|Any CPU
		{2B467B82-E99A-4B3E-BB96-3D9ACFD0D584}.Release|Any CPU.Build.0 = Release|Any CPU
	EndGlobalSection
	GlobalSection(SolutionProperties) = preSolution
		HideSolutionNode = FALSE
	EndGlobalSection
	GlobalSection(ExtensibilityGlobals) = postSolution
		SolutionGuid = {CF727E40-9123-46B9-AFD8-165C48F53249}
	EndGlobalSection
EndGlobal
